
Microsoft Visual Studio Solution File, Format Version 12.00
# Visual Studio 15
VisualStudioVersion = 15.0.27703.2042
MinimumVisualStudioVersion = 10.0.40219.1
Project("{FAE04EC0-301F-11D3-BF4B-00C04F79EFBC}") = "CG3-2", "CG3-2\CG3-2.csproj", "{1687D856-25BC-4103-A236-9C3D1EFA936A}"
EndProject
Global
	GlobalSection(SolutionConfigurationPlatforms) = preSolution
		Debug|Any CPU = Debug|Any CPU
		Release|Any CPU = Release|Any CPU
	EndGlobalSection
	GlobalSection(ProjectConfigurationPlatforms) = postSolution
		{1687D856-25BC-4103-A236-9C3D1EFA936A}.Debug|Any CPU.ActiveCfg = Debug|Any CPU
		{1687D856-25BC-4103-A236-9C3D1EFA936A}.Debug|Any CPU.Build.0 = Debug|Any CPU
		{1687D856-25BC-4103-A236-9C3D1EFA936A}.Release|Any CPU.ActiveCfg = Release|Any CPU
		{1687D856-25BC-4103-A236-9C3D1EFA936A}.Release|Any CPU.Build.0 = Release|Any CPU
	EndGlobalSection
	GlobalSection(SolutionProperties) = preSolution
		HideSolutionNode = FALSE
	EndGlobalSection
	GlobalSection(ExtensibilityGlobals) = postSolution
		SolutionGuid = {91004DB6-FE97-4D3E-B76A-B8A5CF9D0D04}
	EndGlobalSection
EndGlobal
